
Microsoft Visual Studio Solution File, Format Version 12.00
# Visual Studio Version 16
VisualStudioVersion = 16.0.30907.101
MinimumVisualStudioVersion = 10.0.40219.1
Project("{FAE04EC0-301F-11D3-BF4B-00C04F79EFBC}") = "Bank", "Bank.csproj", "{A5155EFA-A210-4A97-89D2-8968E7F8FB37}"
EndProject
Global
	GlobalSection(SolutionConfigurationPlatforms) = preSolution
		Debug|Any CPU = Debug|Any CPU
		Release|Any CPU = Release|Any CPU
	EndGlobalSection
	GlobalSection(ProjectConfigurationPlatforms) = postSolution
		{A5155EFA-A210-4A97-89D2-8968E7F8FB37}.Debug|Any CPU.ActiveCfg = Debug|Any CPU
		{A5155EFA-A210-4A97-89D2-8968E7F8FB37}.Debug|Any CPU.Build.0 = Debug|Any CPU
		{A5155EFA-A210-4A97-89D2-8968E7F8FB37}.Release|Any CPU.ActiveCfg = Release|Any CPU
		{A5155EFA-A210-4A97-89D2-8968E7F8FB37}.Release|Any CPU.Build.0 = Release|Any CPU
	EndGlobalSection
	GlobalSection(SolutionProperties) = preSolution
		HideSolutionNode = FALSE
	EndGlobalSection
	GlobalSection(ExtensibilityGlobals) = postSolution
		SolutionGuid = {87BD3E3D-6A09-4AA7-AB15-D6EFAA1125AD}
	EndGlobalSection
EndGlobal
